
Microsoft Visual Studio Solution File, Format Version 12.00
# Visual Studio Version 17
VisualStudioVersion = 17.5.002.0
MinimumVisualStudioVersion = 10.0.40219.1
Project("{9A19103F-16F7-4668-BE54-9A1E7A4F7556}") = "sispanificacao", "sispanificacao\sispanificacao.csproj", "{7FA9015D-4048-4CDE-BC56-1586CFB4E914}"
EndProject
Global
	GlobalSection(SolutionConfigurationPlatforms) = preSolution
		Debug|Any CPU = Debug|Any CPU
		Release|Any CPU = Release|Any CPU
	EndGlobalSection
	GlobalSection(ProjectConfigurationPlatforms) = postSolution
		{7FA9015D-4048-4CDE-BC56-1586CFB4E914}.Debug|Any CPU.ActiveCfg = Debug|Any CPU
		{7FA9015D-4048-4CDE-BC56-1586CFB4E914}.Debug|Any CPU.Build.0 = Debug|Any CPU
		{7FA9015D-4048-4CDE-BC56-1586CFB4E914}.Release|Any CPU.ActiveCfg = Release|Any CPU
		{7FA9015D-4048-4CDE-BC56-1586CFB4E914}.Release|Any CPU.Build.0 = Release|Any CPU
	EndGlobalSection
	GlobalSection(SolutionProperties) = preSolution
		HideSolutionNode = FALSE
	EndGlobalSection
	GlobalSection(ExtensibilityGlobals) = postSolution
		SolutionGuid = {4703180F-9568-49D8-90B3-8A5AE931A292}
	EndGlobalSection
EndGlobal
